
Microsoft Visual Studio Solution File, Format Version 12.00
# Visual Studio 2012
Project("{FAE04EC0-301F-11D3-BF4B-00C04F79EFBC}") = "Cake.ExtendedNuGet", "Cake.ExtendedNuGet\Cake.ExtendedNuGet.csproj", "{A070896F-CEC4-4FF0-B354-7EE1686359BF}"
EndProject
Project("{FAE04EC0-301F-11D3-BF4B-00C04F79EFBC}") = "Cake.ExtendedNuGet.Tests", "Cake.ExtendedNuGet.Tests\Cake.ExtendedNuGet.Tests.csproj", "{FC26F9BF-7570-437A-B117-63932BBD2017}"
EndProject
Global
	GlobalSection(SolutionConfigurationPlatforms) = preSolution
		Debug|Any CPU = Debug|Any CPU
		Release|Any CPU = Release|Any CPU
	EndGlobalSection
	GlobalSection(ProjectConfigurationPlatforms) = postSolution
		{A070896F-CEC4-4FF0-B354-7EE1686359BF}.Debug|Any CPU.ActiveCfg = Debug|Any CPU
		{A070896F-CEC4-4FF0-B354-7EE1686359BF}.Debug|Any CPU.Build.0 = Debug|Any CPU
		{A070896F-CEC4-4FF0-B354-7EE1686359BF}.Release|Any CPU.ActiveCfg = Release|Any CPU
		{A070896F-CEC4-4FF0-B354-7EE1686359BF}.Release|Any CPU.Build.0 = Release|Any CPU
		{FC26F9BF-7570-437A-B117-63932BBD2017}.Debug|Any CPU.ActiveCfg = Debug|Any CPU
		{FC26F9BF-7570-437A-B117-63932BBD2017}.Debug|Any CPU.Build.0 = Debug|Any CPU
		{FC26F9BF-7570-437A-B117-63932BBD2017}.Release|Any CPU.ActiveCfg = Release|Any CPU
		{FC26F9BF-7570-437A-B117-63932BBD2017}.Release|Any CPU.Build.0 = Release|Any CPU
	EndGlobalSection
EndGlobal
